// !$*UTF8*$!
{
	archiveVersion = 1;
	classes = {
	};
	objectVersion = 50;
	objects = {

/* Begin PBXBuildFile section */
		5095FF4C24760B1100A0392D /* BHUtilities.h in Headers */ = {isa = PBXBuildFile; fileRef = 5095FF4A24760B1100A0392D /* BHUtilities.h */; };
		5095FF4D24760B1100A0392D /* BHUtilities.m in Sources */ = {isa = PBXBuildFile; fileRef = 5095FF4B24760B1100A0392D /* BHUtilities.m */; };
		50AA24AB2474F9E600CC4BE8 /* UIKit.framework in Frameworks */ = {isa = PBXBuildFile; fileRef = 50AA24AA2474F9E600CC4BE8 /* UIKit.framework */; };
		50AA24AD2474F9E600CC4BE8 /* Foundation.framework in Frameworks */ = {isa = PBXBuildFile; fileRef = 50AA24AC2474F9E600CC4BE8 /* Foundation.framework */; };
		50AA24AF2474F9E600CC4BE8 /* CoreGraphics.framework in Frameworks */ = {isa = PBXBuildFile; fileRef = 50AA24AE2474F9E600CC4BE8 /* CoreGraphics.framework */; };
		50AA24B82474F9E600CC4BE8 /* DeviceInfo.mm in Sources */ = {isa = PBXBuildFile; fileRef = 50AA24B72474F9E600CC4BE8 /* DeviceInfo.mm */; };
/* End PBXBuildFile section */

/* Begin PBXFileReference section */
		5095FF4A24760B1100A0392D /* BHUtilities.h */ = {isa = PBXFileReference; lastKnownFileType = sourcecode.c.h; path = BHUtilities.h; sourceTree = "<group>"; };
		5095FF4B24760B1100A0392D /* BHUtilities.m */ = {isa = PBXFileReference; lastKnownFileType = sourcecode.c.objc; path = BHUtilities.m; sourceTree = "<group>"; };
		50AA24A72474F9E600CC4BE8 /* DeviceInfo.dylib */ = {isa = PBXFileReference; explicitFileType = "compiled.mach-o.dylib"; includeInIndex = 0; path = DeviceInfo.dylib; sourceTree = BUILT_PRODUCTS_DIR; };
		50AA24AA2474F9E600CC4BE8 /* UIKit.framework */ = {isa = PBXFileReference; lastKnownFileType = wrapper.framework; name = UIKit.framework; path = System/Library/Frameworks/UIKit.framework; sourceTree = SDKROOT; };
		50AA24AC2474F9E600CC4BE8 /* Foundation.framework */ = {isa = PBXFileReference; lastKnownFileType = wrapper.framework; name = Foundation.framework; path = System/Library/Frameworks/Foundation.framework; sourceTree = SDKROOT; };
		50AA24AE2474F9E600CC4BE8 /* CoreGraphics.framework */ = {isa = PBXFileReference; lastKnownFileType = wrapper.framework; name = CoreGraphics.framework; path = System/Library/Frameworks/CoreGraphics.framework; sourceTree = SDKROOT; };
		50AA24B32474F9E600CC4BE8 /* control */ = {isa = PBXFileReference; lastKnownFileType = text; path = control; sourceTree = "<group>"; };
		50AA24B52474F9E600CC4BE8 /* DeviceInfo-Prefix.pch */ = {isa = PBXFileReference; lastKnownFileType = sourcecode.c.h; name = "DeviceInfo-Prefix.pch"; path = "../DeviceInfo-Prefix.pch"; sourceTree = "<group>"; };
		50AA24B62474F9E600CC4BE8 /* DeviceInfo.xm */ = {isa = PBXFileReference; explicitFileType = sourcecode.c.objc; path = DeviceInfo.xm; sourceTree = "<group>"; };
		50AA24B72474F9E600CC4BE8 /* DeviceInfo.mm */ = {isa = PBXFileReference; lastKnownFileType = sourcecode.cpp.objcpp; path = DeviceInfo.mm; sourceTree = "<group>"; };
		50AA24BC2474F9E600CC4BE8 /* DeviceInfo.plist */ = {isa = PBXFileReference; lastKnownFileType = text.plist.xml; path = DeviceInfo.plist; sourceTree = "<group>"; };
		50E67EB824770F3600C52547 /* headers.h */ = {isa = PBXFileReference; lastKnownFileType = sourcecode.c.h; path = headers.h; sourceTree = "<group>"; };
/* End PBXFileReference section */

/* Begin PBXFrameworksBuildPhase section */
		50AA24A32474F9E600CC4BE8 /* Frameworks */ = {
			isa = PBXFrameworksBuildPhase;
			buildActionMask = 2147483647;
			files = (
				50AA24AF2474F9E600CC4BE8 /* CoreGraphics.framework in Frameworks */,
				50AA24AB2474F9E600CC4BE8 /* UIKit.framework in Frameworks */,
				50AA24AD2474F9E600CC4BE8 /* Foundation.framework in Frameworks */,
			);
			runOnlyForDeploymentPostprocessing = 0;
		};
/* End PBXFrameworksBuildPhase section */

/* Begin PBXGroup section */
		50AA249C2474F9E600CC4BE8 = {
			isa = PBXGroup;
			children = (
				50AA24B02474F9E600CC4BE8 /* DeviceInfo */,
				50AA24A92474F9E600CC4BE8 /* Frameworks */,
				50AA24A82474F9E600CC4BE8 /* Products */,
			);
			sourceTree = "<group>";
		};
		50AA24A82474F9E600CC4BE8 /* Products */ = {
			isa = PBXGroup;
			children = (
				50AA24A72474F9E600CC4BE8 /* DeviceInfo.dylib */,
			);
			name = Products;
			sourceTree = "<group>";
		};
		50AA24A92474F9E600CC4BE8 /* Frameworks */ = {
			isa = PBXGroup;
			children = (
				50AA24AA2474F9E600CC4BE8 /* UIKit.framework */,
				50AA24AC2474F9E600CC4BE8 /* Foundation.framework */,
				50AA24AE2474F9E600CC4BE8 /* CoreGraphics.framework */,
			);
			name = Frameworks;
			sourceTree = "<group>";
		};
		50AA24B02474F9E600CC4BE8 /* DeviceInfo */ = {
			isa = PBXGroup;
			children = (
				50AA24B62474F9E600CC4BE8 /* DeviceInfo.xm */,
				50AA24B72474F9E600CC4BE8 /* DeviceInfo.mm */,
				50E67EB824770F3600C52547 /* headers.h */,
				5095FF4A24760B1100A0392D /* BHUtilities.h */,
				5095FF4B24760B1100A0392D /* BHUtilities.m */,
				50AA24B12474F9E600CC4BE8 /* Package */,
				50AA24B42474F9E600CC4BE8 /* Supporting Files */,
			);
			path = DeviceInfo;
			sourceTree = "<group>";
		};
		50AA24B12474F9E600CC4BE8 /* Package */ = {
			isa = PBXGroup;
			children = (
				50AA24B22474F9E600CC4BE8 /* DEBIAN */,
				50AA24B92474F9E600CC4BE8 /* Library */,
			);
			path = Package;
			sourceTree = "<group>";
		};
		50AA24B22474F9E600CC4BE8 /* DEBIAN */ = {
			isa = PBXGroup;
			children = (
				50AA24B32474F9E600CC4BE8 /* control */,
			);
			path = DEBIAN;
			sourceTree = "<group>";
		};
		50AA24B42474F9E600CC4BE8 /* Supporting Files */ = {
			isa = PBXGroup;
			children = (
				50AA24B52474F9E600CC4BE8 /* DeviceInfo-Prefix.pch */,
			);
			path = "Supporting Files";
			sourceTree = "<group>";
		};
		50AA24B92474F9E600CC4BE8 /* Library */ = {
			isa = PBXGroup;
			children = (
				50AA24BA2474F9E600CC4BE8 /* MobileSubstrate */,
			);
			path = Library;
			sourceTree = "<group>";
		};
		50AA24BA2474F9E600CC4BE8 /* MobileSubstrate */ = {
			isa = PBXGroup;
			children = (
				50AA24BB2474F9E600CC4BE8 /* DynamicLibraries */,
			);
			path = MobileSubstrate;
			sourceTree = "<group>";
		};
		50AA24BB2474F9E600CC4BE8 /* DynamicLibraries */ = {
			isa = PBXGroup;
			children = (
				50AA24BC2474F9E600CC4BE8 /* DeviceInfo.plist */,
			);
			path = DynamicLibraries;
			sourceTree = "<group>";
		};
/* End PBXGroup section */

/* Begin PBXHeadersBuildPhase section */
		50AA24A42474F9E600CC4BE8 /* Headers */ = {
			isa = PBXHeadersBuildPhase;
			buildActionMask = 2147483647;
			files = (
				5095FF4C24760B1100A0392D /* BHUtilities.h in Headers */,
			);
			runOnlyForDeploymentPostprocessing = 0;
		};
/* End PBXHeadersBuildPhase section */

/* Begin PBXNativeTarget section */
		50AA24A62474F9E600CC4BE8 /* DeviceInfo */ = {
			isa = PBXNativeTarget;
			buildConfigurationList = 50AA24BF2474F9E600CC4BE8 /* Build configuration list for PBXNativeTarget "DeviceInfo" */;
			buildPhases = (
				50AA24A12474F9E600CC4BE8 /* ShellScript */,
				50AA24A22474F9E600CC4BE8 /* Sources */,
				50AA24A32474F9E600CC4BE8 /* Frameworks */,
				50AA24A42474F9E600CC4BE8 /* Headers */,
				50AA24A52474F9E600CC4BE8 /* ShellScript */,
			);
			buildRules = (
			);
			dependencies = (
			);
			name = DeviceInfo;
			productName = DeviceInfo;
			productReference = 50AA24A72474F9E600CC4BE8 /* DeviceInfo.dylib */;
			productType = "com.apple.product-type.library.dynamic";
		};
/* End PBXNativeTarget section */

/* Begin PBXProject section */
		50AA249D2474F9E600CC4BE8 /* Project object */ = {
			isa = PBXProject;
			attributes = {
				LastUpgradeCheck = 1140;
				TargetAttributes = {
					50AA24A62474F9E600CC4BE8 = {
						CreatedOnToolsVersion = 11.4.1;
					};
				};
			};
			buildConfigurationList = 50AA24A02474F9E600CC4BE8 /* Build configuration list for PBXProject "DeviceInfo" */;
			compatibilityVersion = "Xcode 9.3";
			developmentRegion = en;
			hasScannedForEncodings = 0;
			knownRegions = (
				en,
				Base,
			);
			mainGroup = 50AA249C2474F9E600CC4BE8;
			productRefGroup = 50AA24A82474F9E600CC4BE8 /* Products */;
			projectDirPath = "";
			projectRoot = "";
			targets = (
				50AA24A62474F9E600CC4BE8 /* DeviceInfo */,
			);
		};
/* End PBXProject section */

/* Begin PBXShellScriptBuildPhase section */
		50AA24A12474F9E600CC4BE8 /* ShellScript */ = {
			isa = PBXShellScriptBuildPhase;
			buildActionMask = 2147483647;
			files = (
			);
			inputFileListPaths = (
			);
			inputPaths = (
			);
			outputFileListPaths = (
			);
			outputPaths = (
			);
			runOnlyForDeploymentPostprocessing = 0;
			shellPath = /bin/sh;
			shellScript = "/opt/MonkeyDev/bin/md --xcbp-logos";
		};
		50AA24A52474F9E600CC4BE8 /* ShellScript */ = {
			isa = PBXShellScriptBuildPhase;
			buildActionMask = 2147483647;
			files = (
			);
			inputFileListPaths = (
			);
			inputPaths = (
			);
			outputFileListPaths = (
			);
			outputPaths = (
			);
			runOnlyForDeploymentPostprocessing = 0;
			shellPath = /bin/sh;
			shellScript = "/opt/MonkeyDev/bin/md --xcbp";
		};
/* End PBXShellScriptBuildPhase section */

/* Begin PBXSourcesBuildPhase section */
		50AA24A22474F9E600CC4BE8 /* Sources */ = {
			isa = PBXSourcesBuildPhase;
			buildActionMask = 2147483647;
			files = (
				5095FF4D24760B1100A0392D /* BHUtilities.m in Sources */,
				50AA24B82474F9E600CC4BE8 /* DeviceInfo.mm in Sources */,
			);
			runOnlyForDeploymentPostprocessing = 0;
		};
/* End PBXSourcesBuildPhase section */

/* Begin XCBuildConfiguration section */
		50AA24BD2474F9E600CC4BE8 /* Release */ = {
			isa = XCBuildConfiguration;
			buildSettings = {
				COPY_PHASE_STRIP = YES;
				EXCLUDED_RECURSIVE_SEARCH_PATH_SUBDIRECTORIES = "*.nib *.lproj *.gch (*) .DS_Store CVS .svn .git .hg *.xcodeproj *.xcode *.pbproj *.pbxproj";
				FRAMEWORK_SEARCH_PATHS = (
					"$(MonkeyDevPath)/frameworks/**",
					"$(MonkeyDevTheosPath)/vendor/lib",
				);
				GCC_C_LANGUAGE_STANDARD = gnu99;
				GCC_WARN_ABOUT_MISSING_PROTOTYPES = YES;
				GCC_WARN_ABOUT_RETURN_TYPE = YES;
				GCC_WARN_UNUSED_VARIABLE = YES;
				HEADER_SEARCH_PATHS = "$(MonkeyDevTheosPath)/vendor/include/**";
				IPHONEOS_DEPLOYMENT_TARGET = 8.0;
				LIBRARY_SEARCH_PATHS = "$(MonkeyDevTheosPath)/vendor/lib/**";
				MonkeyDevPath = /opt/MonkeyDev;
				MonkeyDevTheosPath = /opt/theos;
				OTHER_CFLAGS = "-DTHEOS_INSTANCE_NAME=\"\\\"DeviceInfo\\\"\"";
				SDKROOT = iphoneos;
				TARGETED_DEVICE_FAMILY = "1,2";
				VALIDATE_PRODUCT = YES;
			};
			name = Release;
		};
		50AA24BE2474F9E600CC4BE8 /* Debug */ = {
			isa = XCBuildConfiguration;
			buildSettings = {
				COPY_PHASE_STRIP = NO;
				EXCLUDED_RECURSIVE_SEARCH_PATH_SUBDIRECTORIES = "*.nib *.lproj *.gch (*) .DS_Store CVS .svn .git .hg *.xcodeproj *.xcode *.pbproj *.pbxproj";
				FRAMEWORK_SEARCH_PATHS = (
					"$(MonkeyDevPath)/frameworks/**",
					"$(MonkeyDevTheosPath)/vendor/lib",
				);
				GCC_C_LANGUAGE_STANDARD = gnu99;
				GCC_DYNAMIC_NO_PIC = NO;
				GCC_OPTIMIZATION_LEVEL = 0;
				GCC_PREPROCESSOR_DEFINITIONS = (
					"DEBUG=1",
					"$(inherited)",
				);
				GCC_SYMBOLS_PRIVATE_EXTERN = NO;
				GCC_WARN_ABOUT_MISSING_PROTOTYPES = YES;
				GCC_WARN_ABOUT_RETURN_TYPE = YES;
				GCC_WARN_UNUSED_VARIABLE = YES;
				HEADER_SEARCH_PATHS = "$(MonkeyDevTheosPath)/vendor/include/**";
				IPHONEOS_DEPLOYMENT_TARGET = 8.0;
				LIBRARY_SEARCH_PATHS = "$(MonkeyDevTheosPath)/vendor/lib/**";
				MonkeyDevPath = /opt/MonkeyDev;
				MonkeyDevTheosPath = /opt/theos;
				ONLY_ACTIVE_ARCH = YES;
				OTHER_CFLAGS = "-DTHEOS_INSTANCE_NAME=\"\\\"DeviceInfo\\\"\"";
				SDKROOT = iphoneos;
				TARGETED_DEVICE_FAMILY = "1,2";
				VALIDATE_PRODUCT = NO;
			};
			name = Debug;
		};
		50AA24C02474F9E600CC4BE8 /* Release */ = {
			isa = XCBuildConfiguration;
			buildSettings = {
				CLANG_ENABLE_OBJC_ARC = YES;
				CODE_SIGN_IDENTITY = "iPhone Developer";
				CODE_SIGN_STYLE = Automatic;
				DEVELOPMENT_TEAM = 8JMV3RHX32;
				DYLIB_COMPATIBILITY_VERSION = 1;
				DYLIB_CURRENT_VERSION = 1;
				GCC_PRECOMPILE_PREFIX_HEADER = YES;
				GCC_PREFIX_HEADER = "DeviceInfo/DeviceInfo-Prefix.pch";
				INSTALL_PATH = /Library/MobileSubstrate/DynamicLibraries;
				MonkeyDevBuildPackageOnAnyBuild = NO;
				MonkeyDevClearUiCacheOnInstall = NO;
				MonkeyDevCopyOnBuild = NO;
				MonkeyDevDeviceIP = 192.168.1.60;
				MonkeyDevDevicePassword = alpine;
				MonkeyDevDevicePort = 22;
				MonkeyDevInstallOnAnyBuild = YES;
				MonkeyDevInstallOnProfiling = YES;
				MonkeyDevkillProcessOnInstall = SpringBoard;
				PRODUCT_NAME = "$(TARGET_NAME)";
				SUPPORTS_MACCATALYST = NO;
				TARGETED_DEVICE_FAMILY = "1,2";
			};
			name = Release;
		};
		50AA24C12474F9E600CC4BE8 /* Debug */ = {
			isa = XCBuildConfiguration;
			buildSettings = {
				CLANG_ENABLE_OBJC_ARC = YES;
				CODE_SIGN_IDENTITY = "iPhone Developer";
				CODE_SIGN_STYLE = Automatic;
				DEVELOPMENT_TEAM = 8JMV3RHX32;
				DYLIB_COMPATIBILITY_VERSION = 1;
				DYLIB_CURRENT_VERSION = 1;
				GCC_PRECOMPILE_PREFIX_HEADER = YES;
				GCC_PREFIX_HEADER = "DeviceInfo/DeviceInfo-Prefix.pch";
				INSTALL_PATH = /Library/MobileSubstrate/DynamicLibraries;
				MonkeyDevBuildPackageOnAnyBuild = NO;
				MonkeyDevClearUiCacheOnInstall = NO;
				MonkeyDevCopyOnBuild = NO;
				MonkeyDevDeviceIP = 192.168.1.60;
				MonkeyDevDevicePassword = alpine;
				MonkeyDevDevicePort = 22;
				MonkeyDevInstallOnAnyBuild = YES;
				MonkeyDevInstallOnProfiling = YES;
				MonkeyDevkillProcessOnInstall = SpringBoard;
				PRODUCT_NAME = "$(TARGET_NAME)";
				SUPPORTS_MACCATALYST = NO;
				TARGETED_DEVICE_FAMILY = "1,2";
			};
			name = Debug;
		};
/* End XCBuildConfiguration section */

/* Begin XCConfigurationList section */
		50AA24A02474F9E600CC4BE8 /* Build configuration list for PBXProject "DeviceInfo" */ = {
			isa = XCConfigurationList;
			buildConfigurations = (
				50AA24BD2474F9E600CC4BE8 /* Release */,
				50AA24BE2474F9E600CC4BE8 /* Debug */,
			);
			defaultConfigurationIsVisible = 0;
			defaultConfigurationName = Release;
		};
		50AA24BF2474F9E600CC4BE8 /* Build configuration list for PBXNativeTarget "DeviceInfo" */ = {
			isa = XCConfigurationList;
			buildConfigurations = (
				50AA24C02474F9E600CC4BE8 /* Release */,
				50AA24C12474F9E600CC4BE8 /* Debug */,
			);
			defaultConfigurationIsVisible = 0;
			defaultConfigurationName = Release;
		};
/* End XCConfigurationList section */
	};
	rootObject = 50AA249D2474F9E600CC4BE8 /* Project object */;
}
